Microsoft Visual Studio Solution File, Format Version 11.00
# Visual Studio 2010
Project("{8BC9CEB8-8B4A-11D0-8D11-00A0C91BC942}") = "texassemble", "Texassemble_Desktop_2010.vcxproj", "{8F18CBD7-4116-4956-BCD8-20D688A4CBD1}"
EndProject
Project("{8BC9CEB8-8B4A-11D0-8D11-00A0C91BC942}") = "DirectXTex", "..\DirectXTex\DirectXTex_Desktop_2010.vcxproj", "{371B9FA9-4C90-4AC6-A123-ACED756D6C77}"
EndProject
Global
	GlobalSection(SolutionConfigurationPlatforms) = preSolution
		Debug|Win32 = Debug|Win32
		Debug|x64 = Debug|x64
		Profile|Win32 = Profile|Win32
		Profile|x64 = Profile|x64
		Release|Win32 = Release|Win32
		Release|x64 = Release|x64
	EndGlobalSection
	GlobalSection(ProjectConfigurationPlatforms) = postSolution
		{8F18CBD7-4116-4956-BCD8-20D688A4CBD1}.Debug|Win32.ActiveCfg = Debug|Win32
		{8F18CBD7-4116-4956-BCD8-20D688A4CBD1}.Debug|Win32.Build.0 = Debug|Win32
		{8F18CBD7-4116-4956-BCD8-20D688A4CBD1}.Debug|x64.ActiveCfg = Debug|x64
		{8F18CBD7-4116-4956-BCD8-20D688A4CBD1}.Debug|x64.Build.0 = Debug|x64
		{8F18CBD7-4116-4956-BCD8-20D688A4CBD1}.Profile|Win32.ActiveCfg = Profile|Win32
		{8F18CBD7-4116-4956-BCD8-20D688A4CBD1}.Profile|Win32.Build.0 = Profile|Win32
		{8F18CBD7-4116-4956-BCD8-20D688A4CBD1}.Profile|x64.ActiveCfg = Profile|x64
		{8F18CBD7-4116-4956-BCD8-20D688A4CBD1}.Profile|x64.Build.0 = Profile|x64
		{8F18CBD7-4116-4956-BCD8-20D688A4CBD1}.Release|Win32.ActiveCfg = Release|Win32
		{8F18CBD7-4116-4956-BCD8-20D688A4CBD1}.Release|Win32.Build.0 = Release|Win32
		{8F18CBD7-4116-4956-BCD8-20D688A4CBD1}.Release|x64.ActiveCfg = Release|x64
		{8F18CBD7-4116-4956-BCD8-20D688A4CBD1}.Release|x64.Build.0 = Release|x64
		{371B9FA9-4C90-4AC6-A123-ACED756D6C77}.Debug|Win32.ActiveCfg = Debug|Win32
		{371B9FA9-4C90-4AC6-A123-ACED756D6C77}.Debug|Win32.Build.0 = Debug|Win32
		{371B9FA9-4C90-4AC6-A123-ACED756D6C77}.Debug|x64.ActiveCfg = Debug|x64
		{371B9FA9-4C90-4AC6-A123-ACED756D6C77}.Debug|x64.Build.0 = Debug|x64
		{371B9FA9-4C90-4AC6-A123-ACED756D6C77}.Profile|Win32.ActiveCfg = Profile|Win32
		{371B9FA9-4C90-4AC6-A123-ACED756D6C77}.Profile|Win32.Build.0 = Profile|Win32
		{371B9FA9-4C90-4AC6-A123-ACED756D6C77}.Profile|x64.ActiveCfg = Profile|x64
		{371B9FA9-4C90-4AC6-A123-ACED756D6C77}.Profile|x64.Build.0 = Profile|x64
		{371B9FA9-4C90-4AC6-A123-ACED756D6C77}.Release|Win32.ActiveCfg = Release|Win32
		{371B9FA9-4C90-4AC6-A123-ACED756D6C77}.Release|Win32.Build.0 = Release|Win32
		{371B9FA9-4C90-4AC6-A123-ACED756D6C77}.Release|x64.ActiveCfg = Release|x64
		{371B9FA9-4C90-4AC6-A123-ACED756D6C77}.Release|x64.Build.0 = Release|x64
	EndGlobalSection
	GlobalSection(SolutionProperties) = preSolution
		HideSolutionNode = FALSE
	EndGlobalSection
EndGlobal
