
Microsoft Visual Studio Solution File, Format Version 12.00
# Visual Studio Version 16
VisualStudioVersion = 15.0.28307.1259
MinimumVisualStudioVersion = 10.0.40219.1
Project("{8BC9CEB8-8B4A-11D0-8D11-00A0C91BC942}") = "DirectXTex", "DirectXTex\DirectXTex_GXDK_PC_2019.vcxproj", "{9E4D1C18-9E5E-4B35-83BE-74830B9B3C34}"
EndProject
Project("{2150E333-8FDC-42A3-9474-1A3956D46DE8}") = "Solution Items", "Solution Items", "{06070D23-4542-4B1C-9DC2-846B1694E365}"
	ProjectSection(SolutionItems) = preProject
		.editorconfig = .editorconfig
	EndProjectSection
EndProject
Global
	GlobalSection(SolutionConfigurationPlatforms) = preSolution
		Debug_Scarlett|x64 = Debug_Scarlett|x64
		Debug|x64 = Debug|x64
		Release_Scarlett|x64 = Release_Scarlett|x64
		Release|x64 = Release|x64
	EndGlobalSection
	GlobalSection(ProjectConfigurationPlatforms) = postSolution
		{9E4D1C18-9E5E-4B35-83BE-74830B9B3C34}.Debug_Scarlett|x64.ActiveCfg = Debug_Scarlett|x64
		{9E4D1C18-9E5E-4B35-83BE-74830B9B3C34}.Debug_Scarlett|x64.Build.0 = Debug_Scarlett|x64
		{9E4D1C18-9E5E-4B35-83BE-74830B9B3C34}.Debug|x64.ActiveCfg = Debug|x64
		{9E4D1C18-9E5E-4B35-83BE-74830B9B3C34}.Debug|x64.Build.0 = Debug|x64
		{9E4D1C18-9E5E-4B35-83BE-74830B9B3C34}.Release_Scarlett|x64.ActiveCfg = Release_Scarlett|x64
		{9E4D1C18-9E5E-4B35-83BE-74830B9B3C34}.Release_Scarlett|x64.Build.0 = Release_Scarlett|x64
		{9E4D1C18-9E5E-4B35-83BE-74830B9B3C34}.Release|x64.ActiveCfg = Release|x64
		{9E4D1C18-9E5E-4B35-83BE-74830B9B3C34}.Release|x64.Build.0 = Release|x64
	EndGlobalSection
	GlobalSection(SolutionProperties) = preSolution
		HideSolutionNode = FALSE
	EndGlobalSection
	GlobalSection(ExtensibilityGlobals) = postSolution
		SolutionGuid = {8EC36707-6F26-43CF-8458-C3E4E1113C22}
	EndGlobalSection
EndGlobal
