
Microsoft Visual Studio Solution File, Format Version 12.00
# Visual Studio 15
VisualStudioVersion = 15.0.27130.2020
MinimumVisualStudioVersion = 10.0.40219.1
Project("{8BC9CEB8-8B4A-11D0-8D11-00A0C91BC942}") = "DirectXTex_XboxOneXDK_2017", "DirectXTex\DirectXTex_XboxOneXDK_2017.vcxproj", "{879B5023-53B7-4108-AEAE-F019C2E9410D}"
EndProject
Project("{2150E333-8FDC-42A3-9474-1A3956D46DE8}") = "Solution Items", "Solution Items", "{98781974-DA38-4814-9D99-4C17922F35F7}"
	ProjectSection(SolutionItems) = preProject
		.editorconfig = .editorconfig
	EndProjectSection
EndProject
Global
	GlobalSection(SolutionConfigurationPlatforms) = preSolution
		Debug|Durango = Debug|Durango
		Profile|Durango = Profile|Durango
		Release|Durango = Release|Durango
	EndGlobalSection
	GlobalSection(ProjectConfigurationPlatforms) = postSolution
		{879B5023-53B7-4108-AEAE-F019C2E9410D}.Debug|Durango.ActiveCfg = Debug|Durango
		{879B5023-53B7-4108-AEAE-F019C2E9410D}.Debug|Durango.Build.0 = Debug|Durango
		{879B5023-53B7-4108-AEAE-F019C2E9410D}.Profile|Durango.ActiveCfg = Profile|Durango
		{879B5023-53B7-4108-AEAE-F019C2E9410D}.Profile|Durango.Build.0 = Profile|Durango
		{879B5023-53B7-4108-AEAE-F019C2E9410D}.Release|Durango.ActiveCfg = Release|Durango
		{879B5023-53B7-4108-AEAE-F019C2E9410D}.Release|Durango.Build.0 = Release|Durango
	EndGlobalSection
	GlobalSection(SolutionProperties) = preSolution
		HideSolutionNode = FALSE
	EndGlobalSection
	GlobalSection(ExtensibilityGlobals) = postSolution
		SolutionGuid = {AEA78A02-2861-40C0-86D1-72DC17A9DE13}
	EndGlobalSection
EndGlobal
