
Microsoft Visual Studio Solution File, Format Version 12.00
# Visual Studio 2012
Project("{8BC9CEB8-8B4A-11D0-8D11-00A0C91BC942}") = "DirectXTex_XboxOneADK", "DirectXTex_XboxOneADK.vcxproj", "{8F6CD012-9AD4-4EE1-9CBE-7B112E5CEB39}"
EndProject
Global
	GlobalSection(SolutionConfigurationPlatforms) = preSolution
		Debug|Durango = Debug|Durango
		Profile|Durango = Profile|Durango
		Release|Durango = Release|Durango
	EndGlobalSection
	GlobalSection(ProjectConfigurationPlatforms) = postSolution
		{8F6CD012-9AD4-4EE1-9CBE-7B112E5CEB39}.Debug|Durango.ActiveCfg = Debug|Durango
		{8F6CD012-9AD4-4EE1-9CBE-7B112E5CEB39}.Debug|Durango.Build.0 = Debug|Durango
		{8F6CD012-9AD4-4EE1-9CBE-7B112E5CEB39}.Profile|Durango.ActiveCfg = Profile|Durango
		{8F6CD012-9AD4-4EE1-9CBE-7B112E5CEB39}.Profile|Durango.Build.0 = Profile|Durango
		{8F6CD012-9AD4-4EE1-9CBE-7B112E5CEB39}.Release|Durango.ActiveCfg = Release|Durango
		{8F6CD012-9AD4-4EE1-9CBE-7B112E5CEB39}.Release|Durango.Build.0 = Release|Durango
	EndGlobalSection
	GlobalSection(SolutionProperties) = preSolution
		HideSolutionNode = FALSE
	EndGlobalSection
EndGlobal
