
Microsoft Visual Studio Solution File, Format Version 12.00
# Visual Studio 2013
VisualStudioVersion = 12.0.30324.0
MinimumVisualStudioVersion = 10.0.40219.1
Project("{8BC9CEB8-8B4A-11D0-8D11-00A0C91BC942}") = "DirectXTex_WindowsPhone81", "DirectXTex_WindowsPhone81.vcxproj", "{5709AA1F-D4E3-4138-BDD6-55C8DAF3D983}"
EndProject
Global
	GlobalSection(SolutionConfigurationPlatforms) = preSolution
		Debug|ARM = Debug|ARM
		Debug|Win32 = Debug|Win32
		Release|ARM = Release|ARM
		Release|Win32 = Release|Win32
	EndGlobalSection
	GlobalSection(ProjectConfigurationPlatforms) = postSolution
		{5709AA1F-D4E3-4138-BDD6-55C8DAF3D983}.Debug|ARM.ActiveCfg = Debug|ARM
		{5709AA1F-D4E3-4138-BDD6-55C8DAF3D983}.Debug|ARM.Build.0 = Debug|ARM
		{5709AA1F-D4E3-4138-BDD6-55C8DAF3D983}.Debug|Win32.ActiveCfg = Debug|Win32
		{5709AA1F-D4E3-4138-BDD6-55C8DAF3D983}.Debug|Win32.Build.0 = Debug|Win32
		{5709AA1F-D4E3-4138-BDD6-55C8DAF3D983}.Release|ARM.ActiveCfg = Release|ARM
		{5709AA1F-D4E3-4138-BDD6-55C8DAF3D983}.Release|ARM.Build.0 = Release|ARM
		{5709AA1F-D4E3-4138-BDD6-55C8DAF3D983}.Release|Win32.ActiveCfg = Release|Win32
		{5709AA1F-D4E3-4138-BDD6-55C8DAF3D983}.Release|Win32.Build.0 = Release|Win32
	EndGlobalSection
	GlobalSection(SolutionProperties) = preSolution
		HideSolutionNode = FALSE
	EndGlobalSection
EndGlobal
